
Microsoft Visual Studio Solution File, Format Version 12.00
# Visual Studio 15
VisualStudioVersion = 15.0.27130.2020
MinimumVisualStudioVersion = 10.0.40219.1
Project("{8BC9CEB8-8B4A-11D0-8D11-00A0C91BC942}") = "problem1", "problem1\problem1.vcxproj", "{290D2397-D61E-4166-B7DA-13D9CC6BB64F}"
EndProject
Project("{8BC9CEB8-8B4A-11D0-8D11-00A0C91BC942}") = "problem2", "problem2\problem2.vcxproj", "{CC80811B-8BC8-4A0D-9A35-9C885AD3EEBD}"
EndProject
Project("{8BC9CEB8-8B4A-11D0-8D11-00A0C91BC942}") = "problem1b", "problem1b\problem1b.vcxproj", "{F959917A-DF88-4DB6-9783-77249DAD43C5}"
EndProject
Project("{8BC9CEB8-8B4A-11D0-8D11-00A0C91BC942}") = "problem3", "problem3\problem3.vcxproj", "{3F993173-3967-4B66-8C5F-F5B367C6DBDA}"
EndProject
Project("{8BC9CEB8-8B4A-11D0-8D11-00A0C91BC942}") = "problem4", "problem4\problem4.vcxproj", "{4D2E7601-8A36-4654-BBB1-5CF659C067AB}"
EndProject
Global
	GlobalSection(SolutionConfigurationPlatforms) = preSolution
		Debug|x64 = Debug|x64
		Debug|x86 = Debug|x86
		Release|x64 = Release|x64
		Release|x86 = Release|x86
	EndGlobalSection
	GlobalSection(ProjectConfigurationPlatforms) = postSolution
		{290D2397-D61E-4166-B7DA-13D9CC6BB64F}.Debug|x64.ActiveCfg = Debug|x64
		{290D2397-D61E-4166-B7DA-13D9CC6BB64F}.Debug|x64.Build.0 = Debug|x64
		{290D2397-D61E-4166-B7DA-13D9CC6BB64F}.Debug|x86.ActiveCfg = Debug|Win32
		{290D2397-D61E-4166-B7DA-13D9CC6BB64F}.Debug|x86.Build.0 = Debug|Win32
		{290D2397-D61E-4166-B7DA-13D9CC6BB64F}.Release|x64.ActiveCfg = Release|x64
		{290D2397-D61E-4166-B7DA-13D9CC6BB64F}.Release|x64.Build.0 = Release|x64
		{290D2397-D61E-4166-B7DA-13D9CC6BB64F}.Release|x86.ActiveCfg = Release|Win32
		{290D2397-D61E-4166-B7DA-13D9CC6BB64F}.Release|x86.Build.0 = Release|Win32
		{CC80811B-8BC8-4A0D-9A35-9C885AD3EEBD}.Debug|x64.ActiveCfg = Debug|x64
		{CC80811B-8BC8-4A0D-9A35-9C885AD3EEBD}.Debug|x64.Build.0 = Debug|x64
		{CC80811B-8BC8-4A0D-9A35-9C885AD3EEBD}.Debug|x86.ActiveCfg = Debug|Win32
		{CC80811B-8BC8-4A0D-9A35-9C885AD3EEBD}.Debug|x86.Build.0 = Debug|Win32
		{CC80811B-8BC8-4A0D-9A35-9C885AD3EEBD}.Release|x64.ActiveCfg = Release|x64
		{CC80811B-8BC8-4A0D-9A35-9C885AD3EEBD}.Release|x64.Build.0 = Release|x64
		{CC80811B-8BC8-4A0D-9A35-9C885AD3EEBD}.Release|x86.ActiveCfg = Release|Win32
		{CC80811B-8BC8-4A0D-9A35-9C885AD3EEBD}.Release|x86.Build.0 = Release|Win32
		{F959917A-DF88-4DB6-9783-77249DAD43C5}.Debug|x64.ActiveCfg = Debug|x64
		{F959917A-DF88-4DB6-9783-77249DAD43C5}.Debug|x64.Build.0 = Debug|x64
		{F959917A-DF88-4DB6-9783-77249DAD43C5}.Debug|x86.ActiveCfg = Debug|Win32
		{F959917A-DF88-4DB6-9783-77249DAD43C5}.Debug|x86.Build.0 = Debug|Win32
		{F959917A-DF88-4DB6-9783-77249DAD43C5}.Release|x64.ActiveCfg = Release|x64
		{F959917A-DF88-4DB6-9783-77249DAD43C5}.Release|x64.Build.0 = Release|x64
		{F959917A-DF88-4DB6-9783-77249DAD43C5}.Release|x86.ActiveCfg = Release|Win32
		{F959917A-DF88-4DB6-9783-77249DAD43C5}.Release|x86.Build.0 = Release|Win32
		{3F993173-3967-4B66-8C5F-F5B367C6DBDA}.Debug|x64.ActiveCfg = Debug|x64
		{3F993173-3967-4B66-8C5F-F5B367C6DBDA}.Debug|x64.Build.0 = Debug|x64
		{3F993173-3967-4B66-8C5F-F5B367C6DBDA}.Debug|x86.ActiveCfg = Debug|Win32
		{3F993173-3967-4B66-8C5F-F5B367C6DBDA}.Debug|x86.Build.0 = Debug|Win32
		{3F993173-3967-4B66-8C5F-F5B367C6DBDA}.Release|x64.ActiveCfg = Release|x64
		{3F993173-3967-4B66-8C5F-F5B367C6DBDA}.Release|x64.Build.0 = Release|x64
		{3F993173-3967-4B66-8C5F-F5B367C6DBDA}.Release|x86.ActiveCfg = Release|Win32
		{3F993173-3967-4B66-8C5F-F5B367C6DBDA}.Release|x86.Build.0 = Release|Win32
		{4D2E7601-8A36-4654-BBB1-5CF659C067AB}.Debug|x64.ActiveCfg = Debug|x64
		{4D2E7601-8A36-4654-BBB1-5CF659C067AB}.Debug|x64.Build.0 = Debug|x64
		{4D2E7601-8A36-4654-BBB1-5CF659C067AB}.Debug|x86.ActiveCfg = Debug|Win32
		{4D2E7601-8A36-4654-BBB1-5CF659C067AB}.Debug|x86.Build.0 = Debug|Win32
		{4D2E7601-8A36-4654-BBB1-5CF659C067AB}.Release|x64.ActiveCfg = Release|x64
		{4D2E7601-8A36-4654-BBB1-5CF659C067AB}.Release|x64.Build.0 = Release|x64
		{4D2E7601-8A36-4654-BBB1-5CF659C067AB}.Release|x86.ActiveCfg = Release|Win32
		{4D2E7601-8A36-4654-BBB1-5CF659C067AB}.Release|x86.Build.0 = Release|Win32
	EndGlobalSection
	GlobalSection(SolutionProperties) = preSolution
		HideSolutionNode = FALSE
	EndGlobalSection
	GlobalSection(ExtensibilityGlobals) = postSolution
		SolutionGuid = {10566A9F-F31B-470A-9A0C-93DFF7435550}
	EndGlobalSection
EndGlobal
